// !$*UTF8*$!
{
	archiveVersion = 1;
	classes = {
	};
	objectVersion = 50;
	objects = {

/* Begin PBXBuildFile section */
		021BB81B22C9227700B8B8E6 /* Matrix4.h in Sources */ = {isa = PBXBuildFile; fileRef = 021BB81A22C9227700B8B8E6 /* Matrix4.h */; };
		021BB81D22C922F600B8B8E6 /* Matrix4.m in Sources */ = {isa = PBXBuildFile; fileRef = 021BB81C22C922F600B8B8E6 /* Matrix4.m */; };
		021BB81F22C92A1400B8B8E6 /* MetalTexture.swift in Sources */ = {isa = PBXBuildFile; fileRef = 021BB81E22C92A1400B8B8E6 /* MetalTexture.swift */; };
		029EAEBC22C9325A006838F9 /* Light.swift in Sources */ = {isa = PBXBuildFile; fileRef = 029EAEBB22C9325A006838F9 /* Light.swift */; };
		02A891DA22C91C65002DC4E5 /* AppDelegate.swift in Sources */ = {isa = PBXBuildFile; fileRef = 02A891D922C91C65002DC4E5 /* AppDelegate.swift */; };
		02A891DC22C91C65002DC4E5 /* ViewController.swift in Sources */ = {isa = PBXBuildFile; fileRef = 02A891DB22C91C65002DC4E5 /* ViewController.swift */; };
		02A891DF22C91C65002DC4E5 /* Main.storyboard in Resources */ = {isa = PBXBuildFile; fileRef = 02A891DD22C91C65002DC4E5 /* Main.storyboard */; };
		02A891E122C91C66002DC4E5 /* Assets.xcassets in Resources */ = {isa = PBXBuildFile; fileRef = 02A891E022C91C66002DC4E5 /* Assets.xcassets */; };
		02A891E422C91C66002DC4E5 /* LaunchScreen.storyboard in Resources */ = {isa = PBXBuildFile; fileRef = 02A891E222C91C66002DC4E5 /* LaunchScreen.storyboard */; };
		02A891EC22C9211F002DC4E5 /* Cube.swift in Sources */ = {isa = PBXBuildFile; fileRef = 02A891EB22C9211F002DC4E5 /* Cube.swift */; };
		02A891EE22C9214E002DC4E5 /* Node.swift in Sources */ = {isa = PBXBuildFile; fileRef = 02A891ED22C9214E002DC4E5 /* Node.swift */; };
		02A891F022C921B3002DC4E5 /* Shaders.metal in Sources */ = {isa = PBXBuildFile; fileRef = 02A891EF22C921B3002DC4E5 /* Shaders.metal */; };
		02A891F222C921DA002DC4E5 /* Vertex.swift in Sources */ = {isa = PBXBuildFile; fileRef = 02A891F122C921DA002DC4E5 /* Vertex.swift */; };
		02A891F422C929F5002DC4E5 /* BufferProvider.swift in Sources */ = {isa = PBXBuildFile; fileRef = 02A891F322C929F5002DC4E5 /* BufferProvider.swift */; };
		02A891F622C92AB8002DC4E5 /* MetalViewController.swift in Sources */ = {isa = PBXBuildFile; fileRef = 02A891F522C92AB8002DC4E5 /* MetalViewController.swift */; };
		02A891F822C92B19002DC4E5 /* cube.png in Resources */ = {isa = PBXBuildFile; fileRef = 02A891F722C92B19002DC4E5 /* cube.png */; };
/* End PBXBuildFile section */

/* Begin PBXFileReference section */
		021BB81922C9227600B8B8E6 /* MetalTutorials-Bridging-Header.h */ = {isa = PBXFileReference; lastKnownFileType = sourcecode.c.h; path = "MetalTutorials-Bridging-Header.h"; sourceTree = "<group>"; };
		021BB81A22C9227700B8B8E6 /* Matrix4.h */ = {isa = PBXFileReference; lastKnownFileType = sourcecode.c.h; path = Matrix4.h; sourceTree = "<group>"; };
		021BB81C22C922F600B8B8E6 /* Matrix4.m */ = {isa = PBXFileReference; lastKnownFileType = sourcecode.c.objc; path = Matrix4.m; sourceTree = "<group>"; };
		021BB81E22C92A1400B8B8E6 /* MetalTexture.swift */ = {isa = PBXFileReference; lastKnownFileType = sourcecode.swift; path = MetalTexture.swift; sourceTree = "<group>"; };
		029EAEBB22C9325A006838F9 /* Light.swift */ = {isa = PBXFileReference; fileEncoding = 4; lastKnownFileType = sourcecode.swift; path = Light.swift; sourceTree = "<group>"; };
		02A891D622C91C65002DC4E5 /* MetalTutorials.app */ = {isa = PBXFileReference; explicitFileType = wrapper.application; includeInIndex = 0; path = MetalTutorials.app; sourceTree = BUILT_PRODUCTS_DIR; };
		02A891D922C91C65002DC4E5 /* AppDelegate.swift */ = {isa = PBXFileReference; lastKnownFileType = sourcecode.swift; path = AppDelegate.swift; sourceTree = "<group>"; };
		02A891DB22C91C65002DC4E5 /* ViewController.swift */ = {isa = PBXFileReference; lastKnownFileType = sourcecode.swift; path = ViewController.swift; sourceTree = "<group>"; };
		02A891DE22C91C65002DC4E5 /* Base */ = {isa = PBXFileReference; lastKnownFileType = file.storyboard; name = Base; path = Base.lproj/Main.storyboard; sourceTree = "<group>"; };
		02A891E022C91C66002DC4E5 /* Assets.xcassets */ = {isa = PBXFileReference; lastKnownFileType = folder.assetcatalog; path = Assets.xcassets; sourceTree = "<group>"; };
		02A891E322C91C66002DC4E5 /* Base */ = {isa = PBXFileReference; lastKnownFileType = file.storyboard; name = Base; path = Base.lproj/LaunchScreen.storyboard; sourceTree = "<group>"; };
		02A891E522C91C66002DC4E5 /* Info.plist */ = {isa = PBXFileReference; lastKnownFileType = text.plist.xml; path = Info.plist; sourceTree = "<group>"; };
		02A891EB22C9211F002DC4E5 /* Cube.swift */ = {isa = PBXFileReference; fileEncoding = 4; lastKnownFileType = sourcecode.swift; path = Cube.swift; sourceTree = "<group>"; };
		02A891ED22C9214E002DC4E5 /* Node.swift */ = {isa = PBXFileReference; fileEncoding = 4; lastKnownFileType = sourcecode.swift; path = Node.swift; sourceTree = "<group>"; };
		02A891EF22C921B3002DC4E5 /* Shaders.metal */ = {isa = PBXFileReference; fileEncoding = 4; lastKnownFileType = sourcecode.metal; path = Shaders.metal; sourceTree = "<group>"; };
		02A891F122C921DA002DC4E5 /* Vertex.swift */ = {isa = PBXFileReference; fileEncoding = 4; lastKnownFileType = sourcecode.swift; path = Vertex.swift; sourceTree = "<group>"; };
		02A891F322C929F5002DC4E5 /* BufferProvider.swift */ = {isa = PBXFileReference; fileEncoding = 4; lastKnownFileType = sourcecode.swift; path = BufferProvider.swift; sourceTree = "<group>"; };
		02A891F522C92AB8002DC4E5 /* MetalViewController.swift */ = {isa = PBXFileReference; fileEncoding = 4; lastKnownFileType = sourcecode.swift; path = MetalViewController.swift; sourceTree = "<group>"; };
		02A891F722C92B19002DC4E5 /* cube.png */ = {isa = PBXFileReference; lastKnownFileType = image.png; path = cube.png; sourceTree = "<group>"; };
/* End PBXFileReference section */

/* Begin PBXFrameworksBuildPhase section */
		02A891D322C91C65002DC4E5 /* Frameworks */ = {
			isa = PBXFrameworksBuildPhase;
			buildActionMask = 2147483647;
			files = (
			);
			runOnlyForDeploymentPostprocessing = 0;
		};
/* End PBXFrameworksBuildPhase section */

/* Begin PBXGroup section */
		02A891CD22C91C65002DC4E5 = {
			isa = PBXGroup;
			children = (
				02A891D822C91C65002DC4E5 /* MetalTutorials */,
				02A891D722C91C65002DC4E5 /* Products */,
			);
			sourceTree = "<group>";
		};
		02A891D722C91C65002DC4E5 /* Products */ = {
			isa = PBXGroup;
			children = (
				02A891D622C91C65002DC4E5 /* MetalTutorials.app */,
			);
			name = Products;
			sourceTree = "<group>";
		};
		02A891D822C91C65002DC4E5 /* MetalTutorials */ = {
			isa = PBXGroup;
			children = (
				02A891F122C921DA002DC4E5 /* Vertex.swift */,
				029EAEBB22C9325A006838F9 /* Light.swift */,
				021BB81E22C92A1400B8B8E6 /* MetalTexture.swift */,
				021BB81A22C9227700B8B8E6 /* Matrix4.h */,
				021BB81C22C922F600B8B8E6 /* Matrix4.m */,
				02A891F322C929F5002DC4E5 /* BufferProvider.swift */,
				02A891EB22C9211F002DC4E5 /* Cube.swift */,
				02A891ED22C9214E002DC4E5 /* Node.swift */,
				02A891D922C91C65002DC4E5 /* AppDelegate.swift */,
				02A891F522C92AB8002DC4E5 /* MetalViewController.swift */,
				02A891DB22C91C65002DC4E5 /* ViewController.swift */,
				02A891EF22C921B3002DC4E5 /* Shaders.metal */,
				02A891DD22C91C65002DC4E5 /* Main.storyboard */,
				02A891E022C91C66002DC4E5 /* Assets.xcassets */,
				02A891E222C91C66002DC4E5 /* LaunchScreen.storyboard */,
				02A891F722C92B19002DC4E5 /* cube.png */,
				02A891E522C91C66002DC4E5 /* Info.plist */,
				021BB81922C9227600B8B8E6 /* MetalTutorials-Bridging-Header.h */,
			);
			path = MetalTutorials;
			sourceTree = "<group>";
		};
/* End PBXGroup section */

/* Begin PBXNativeTarget section */
		02A891D522C91C65002DC4E5 /* MetalTutorials */ = {
			isa = PBXNativeTarget;
			buildConfigurationList = 02A891E822C91C66002DC4E5 /* Build configuration list for PBXNativeTarget "MetalTutorials" */;
			buildPhases = (
				02A891D222C91C65002DC4E5 /* Sources */,
				02A891D322C91C65002DC4E5 /* Frameworks */,
				02A891D422C91C65002DC4E5 /* Resources */,
			);
			buildRules = (
			);
			dependencies = (
			);
			name = MetalTutorials;
			productName = MetalTutorials;
			productReference = 02A891D622C91C65002DC4E5 /* MetalTutorials.app */;
			productType = "com.apple.product-type.application";
		};
/* End PBXNativeTarget section */

/* Begin PBXProject section */
		02A891CE22C91C65002DC4E5 /* Project object */ = {
			isa = PBXProject;
			attributes = {
				LastSwiftUpdateCheck = 1020;
				LastUpgradeCheck = 1020;
				ORGANIZATIONNAME = "Mykola Aleschenko";
				TargetAttributes = {
					02A891D522C91C65002DC4E5 = {
						CreatedOnToolsVersion = 10.2.1;
						LastSwiftMigration = 1100;
					};
				};
			};
			buildConfigurationList = 02A891D122C91C65002DC4E5 /* Build configuration list for PBXProject "MetalTutorials" */;
			compatibilityVersion = "Xcode 9.3";
			developmentRegion = en;
			hasScannedForEncodings = 0;
			knownRegions = (
				en,
				Base,
			);
			mainGroup = 02A891CD22C91C65002DC4E5;
			productRefGroup = 02A891D722C91C65002DC4E5 /* Products */;
			projectDirPath = "";
			projectRoot = "";
			targets = (
				02A891D522C91C65002DC4E5 /* MetalTutorials */,
			);
		};
/* End PBXProject section */

/* Begin PBXResourcesBuildPhase section */
		02A891D422C91C65002DC4E5 /* Resources */ = {
			isa = PBXResourcesBuildPhase;
			buildActionMask = 2147483647;
			files = (
				02A891E422C91C66002DC4E5 /* LaunchScreen.storyboard in Resources */,
				02A891E122C91C66002DC4E5 /* Assets.xcassets in Resources */,
				02A891F822C92B19002DC4E5 /* cube.png in Resources */,
				02A891DF22C91C65002DC4E5 /* Main.storyboard in Resources */,
			);
			runOnlyForDeploymentPostprocessing = 0;
		};
/* End PBXResourcesBuildPhase section */

/* Begin PBXSourcesBuildPhase section */
		02A891D222C91C65002DC4E5 /* Sources */ = {
			isa = PBXSourcesBuildPhase;
			buildActionMask = 2147483647;
			files = (
				02A891DC22C91C65002DC4E5 /* ViewController.swift in Sources */,
				02A891DA22C91C65002DC4E5 /* AppDelegate.swift in Sources */,
				02A891F422C929F5002DC4E5 /* BufferProvider.swift in Sources */,
				02A891EC22C9211F002DC4E5 /* Cube.swift in Sources */,
				021BB81B22C9227700B8B8E6 /* Matrix4.h in Sources */,
				021BB81F22C92A1400B8B8E6 /* MetalTexture.swift in Sources */,
				029EAEBC22C9325A006838F9 /* Light.swift in Sources */,
				02A891EE22C9214E002DC4E5 /* Node.swift in Sources */,
				021BB81D22C922F600B8B8E6 /* Matrix4.m in Sources */,
				02A891F022C921B3002DC4E5 /* Shaders.metal in Sources */,
				02A891F622C92AB8002DC4E5 /* MetalViewController.swift in Sources */,
				02A891F222C921DA002DC4E5 /* Vertex.swift in Sources */,
			);
			runOnlyForDeploymentPostprocessing = 0;
		};
/* End PBXSourcesBuildPhase section */

/* Begin PBXVariantGroup section */
		02A891DD22C91C65002DC4E5 /* Main.storyboard */ = {
			isa = PBXVariantGroup;
			children = (
				02A891DE22C91C65002DC4E5 /* Base */,
			);
			name = Main.storyboard;
			sourceTree = "<group>";
		};
		02A891E222C91C66002DC4E5 /* LaunchScreen.storyboard */ = {
			isa = PBXVariantGroup;
			children = (
				02A891E322C91C66002DC4E5 /* Base */,
			);
			name = LaunchScreen.storyboard;
			sourceTree = "<group>";
		};
/* End PBXVariantGroup section */

/* Begin XCBuildConfiguration section */
		02A891E622C91C66002DC4E5 /* Debug */ = {
			isa = XCBuildConfiguration;
			buildSettings = {
				ALWAYS_SEARCH_USER_PATHS = NO;
				CLANG_ANALYZER_NONNULL = YES;
				CLANG_ANALYZER_NUMBER_OBJECT_CONVERSION = YES_AGGRESSIVE;
				CLANG_CXX_LANGUAGE_STANDARD = "gnu++14";
				CLANG_CXX_LIBRARY = "libc++";
				CLANG_ENABLE_MODULES = YES;
				CLANG_ENABLE_OBJC_ARC = YES;
				CLANG_ENABLE_OBJC_WEAK = YES;
				CLANG_WARN_BLOCK_CAPTURE_AUTORELEASING = YES;
				CLANG_WARN_BOOL_CONVERSION = YES;
				CLANG_WARN_COMMA = YES;
				CLANG_WARN_CONSTANT_CONVERSION = YES;
				CLANG_WARN_DEPRECATED_OBJC_IMPLEMENTATIONS = YES;
				CLANG_WARN_DIRECT_OBJC_ISA_USAGE = YES_ERROR;
				CLANG_WARN_DOCUMENTATION_COMMENTS = YES;
				CLANG_WARN_EMPTY_BODY = YES;
				CLANG_WARN_ENUM_CONVERSION = YES;
				CLANG_WARN_INFINITE_RECURSION = YES;
				CLANG_WARN_INT_CONVERSION = YES;
				CLANG_WARN_NON_LITERAL_NULL_CONVERSION = YES;
				CLANG_WARN_OBJC_IMPLICIT_RETAIN_SELF = YES;
				CLANG_WARN_OBJC_LITERAL_CONVERSION = YES;
				CLANG_WARN_OBJC_ROOT_CLASS = YES_ERROR;
				CLANG_WARN_RANGE_LOOP_ANALYSIS = YES;
				CLANG_WARN_STRICT_PROTOTYPES = YES;
				CLANG_WARN_SUSPICIOUS_MOVE = YES;
				CLANG_WARN_UNGUARDED_AVAILABILITY = YES_AGGRESSIVE;
				CLANG_WARN_UNREACHABLE_CODE = YES;
				CLANG_WARN__DUPLICATE_METHOD_MATCH = YES;
				CODE_SIGN_IDENTITY = "iPhone Developer";
				COPY_PHASE_STRIP = NO;
				DEBUG_INFORMATION_FORMAT = dwarf;
				ENABLE_STRICT_OBJC_MSGSEND = YES;
				ENABLE_TESTABILITY = YES;
				GCC_C_LANGUAGE_STANDARD = gnu11;
				GCC_DYNAMIC_NO_PIC = NO;
				GCC_NO_COMMON_BLOCKS = YES;
				GCC_OPTIMIZATION_LEVEL = 0;
				GCC_PREPROCESSOR_DEFINITIONS = (
					"DEBUG=1",
					"$(inherited)",
				);
				GCC_WARN_64_TO_32_BIT_CONVERSION = YES;
				GCC_WARN_ABOUT_RETURN_TYPE = YES_ERROR;
				GCC_WARN_UNDECLARED_SELECTOR = YES;
				GCC_WARN_UNINITIALIZED_AUTOS = YES_AGGRESSIVE;
				GCC_WARN_UNUSED_FUNCTION = YES;
				GCC_WARN_UNUSED_VARIABLE = YES;
				IPHONEOS_DEPLOYMENT_TARGET = 12.2;
				MTL_ENABLE_DEBUG_INFO = INCLUDE_SOURCE;
				MTL_FAST_MATH = YES;
				ONLY_ACTIVE_ARCH = YES;
				SDKROOT = iphoneos;
				SWIFT_ACTIVE_COMPILATION_CONDITIONS = DEBUG;
				SWIFT_OPTIMIZATION_LEVEL = "-Onone";
			};
			name = Debug;
		};
		02A891E722C91C66002DC4E5 /* Release */ = {
			isa = XCBuildConfiguration;
			buildSettings = {
				ALWAYS_SEARCH_USER_PATHS = NO;
				CLANG_ANALYZER_NONNULL = YES;
				CLANG_ANALYZER_NUMBER_OBJECT_CONVERSION = YES_AGGRESSIVE;
				CLANG_CXX_LANGUAGE_STANDARD = "gnu++14";
				CLANG_CXX_LIBRARY = "libc++";
				CLANG_ENABLE_MODULES = YES;
				CLANG_ENABLE_OBJC_ARC = YES;
				CLANG_ENABLE_OBJC_WEAK = YES;
				CLANG_WARN_BLOCK_CAPTURE_AUTORELEASING = YES;
				CLANG_WARN_BOOL_CONVERSION = YES;
				CLANG_WARN_COMMA = YES;
				CLANG_WARN_CONSTANT_CONVERSION = YES;
				CLANG_WARN_DEPRECATED_OBJC_IMPLEMENTATIONS = YES;
				CLANG_WARN_DIRECT_OBJC_ISA_USAGE = YES_ERROR;
				CLANG_WARN_DOCUMENTATION_COMMENTS = YES;
				CLANG_WARN_EMPTY_BODY = YES;
				CLANG_WARN_ENUM_CONVERSION = YES;
				CLANG_WARN_INFINITE_RECURSION = YES;
				CLANG_WARN_INT_CONVERSION = YES;
				CLANG_WARN_NON_LITERAL_NULL_CONVERSION = YES;
				CLANG_WARN_OBJC_IMPLICIT_RETAIN_SELF = YES;
				CLANG_WARN_OBJC_LITERAL_CONVERSION = YES;
				CLANG_WARN_OBJC_ROOT_CLASS = YES_ERROR;
				CLANG_WARN_RANGE_LOOP_ANALYSIS = YES;
				CLANG_WARN_STRICT_PROTOTYPES = YES;
				CLANG_WARN_SUSPICIOUS_MOVE = YES;
				CLANG_WARN_UNGUARDED_AVAILABILITY = YES_AGGRESSIVE;
				CLANG_WARN_UNREACHABLE_CODE = YES;
				CLANG_WARN__DUPLICATE_METHOD_MATCH = YES;
				CODE_SIGN_IDENTITY = "iPhone Developer";
				COPY_PHASE_STRIP = NO;
				DEBUG_INFORMATION_FORMAT = "dwarf-with-dsym";
				ENABLE_NS_ASSERTIONS = NO;
				ENABLE_STRICT_OBJC_MSGSEND = YES;
				GCC_C_LANGUAGE_STANDARD = gnu11;
				GCC_NO_COMMON_BLOCKS = YES;
				GCC_WARN_64_TO_32_BIT_CONVERSION = YES;
				GCC_WARN_ABOUT_RETURN_TYPE = YES_ERROR;
				GCC_WARN_UNDECLARED_SELECTOR = YES;
				GCC_WARN_UNINITIALIZED_AUTOS = YES_AGGRESSIVE;
				GCC_WARN_UNUSED_FUNCTION = YES;
				GCC_WARN_UNUSED_VARIABLE = YES;
				IPHONEOS_DEPLOYMENT_TARGET = 12.2;
				MTL_ENABLE_DEBUG_INFO = NO;
				MTL_FAST_MATH = YES;
				SDKROOT = iphoneos;
				SWIFT_COMPILATION_MODE = wholemodule;
				SWIFT_OPTIMIZATION_LEVEL = "-O";
				VALIDATE_PRODUCT = YES;
			};
			name = Release;
		};
		02A891E922C91C66002DC4E5 /* Debug */ = {
			isa = XCBuildConfiguration;
			buildSettings = {
				ASSETCATALOG_COMPILER_APPICON_NAME = AppIcon;
				CLANG_ENABLE_MODULES = YES;
				CODE_SIGN_STYLE = Automatic;
				DEVELOPMENT_TEAM = 93E496X497;
				INFOPLIST_FILE = MetalTutorials/Info.plist;
				LD_RUNPATH_SEARCH_PATHS = (
					"$(inherited)",
					"@executable_path/Frameworks",
				);
				PRODUCT_BUNDLE_IDENTIFIER = com.testtest.testmetal;
				PRODUCT_NAME = "$(TARGET_NAME)";
				SWIFT_OBJC_BRIDGING_HEADER = "MetalTutorials/MetalTutorials-Bridging-Header.h";
				SWIFT_OPTIMIZATION_LEVEL = "-Onone";
				SWIFT_VERSION = 5.0;
				TARGETED_DEVICE_FAMILY = "1,2";
			};
			name = Debug;
		};
		02A891EA22C91C66002DC4E5 /* Release */ = {
			isa = XCBuildConfiguration;
			buildSettings = {
				ASSETCATALOG_COMPILER_APPICON_NAME = AppIcon;
				CLANG_ENABLE_MODULES = YES;
				CODE_SIGN_STYLE = Automatic;
				DEVELOPMENT_TEAM = 93E496X497;
				INFOPLIST_FILE = MetalTutorials/Info.plist;
				LD_RUNPATH_SEARCH_PATHS = (
					"$(inherited)",
					"@executable_path/Frameworks",
				);
				PRODUCT_BUNDLE_IDENTIFIER = com.testtest.testmetal;
				PRODUCT_NAME = "$(TARGET_NAME)";
				SWIFT_OBJC_BRIDGING_HEADER = "MetalTutorials/MetalTutorials-Bridging-Header.h";
				SWIFT_VERSION = 5.0;
				TARGETED_DEVICE_FAMILY = "1,2";
			};
			name = Release;
		};
/* End XCBuildConfiguration section */

/* Begin XCConfigurationList section */
		02A891D122C91C65002DC4E5 /* Build configuration list for PBXProject "MetalTutorials" */ = {
			isa = XCConfigurationList;
			buildConfigurations = (
				02A891E622C91C66002DC4E5 /* Debug */,
				02A891E722C91C66002DC4E5 /* Release */,
			);
			defaultConfigurationIsVisible = 0;
			defaultConfigurationName = Release;
		};
		02A891E822C91C66002DC4E5 /* Build configuration list for PBXNativeTarget "MetalTutorials" */ = {
			isa = XCConfigurationList;
			buildConfigurations = (
				02A891E922C91C66002DC4E5 /* Debug */,
				02A891EA22C91C66002DC4E5 /* Release */,
			);
			defaultConfigurationIsVisible = 0;
			defaultConfigurationName = Release;
		};
/* End XCConfigurationList section */
	};
	rootObject = 02A891CE22C91C65002DC4E5 /* Project object */;
}
